Microsoft Visual Studio Solution File, Format Version 11.00
# Visual Studio 2008

Project("{FFFDC766-9B9D-E239-2636-BFE72AF84418}") = "Element최종", "Assembly-CSharp-vs.csproj", "{7736A156-3C23-3E72-DA30-AB5E794714F9}"
EndProject
Project("{FFFDC766-9B9D-E239-2636-BFE72AF84418}") = "Element최종", "Assembly-CSharp-Editor-vs.csproj", "{55E2E86E-8DBB-F105-222B-E8C6538EE43A}"
EndProject
Global
	GlobalSection(SolutionConfigurationPlatforms) = preSolution
		Debug|Any CPU = Debug|Any CPU
		Release|Any CPU = Release|Any CPU
	EndGlobalSection
	GlobalSection(ProjectConfigurationPlatforms) = postSolution
		{7736A156-3C23-3E72-DA30-AB5E794714F9}.Debug|Any CPU.ActiveCfg = Debug|Any CPU
		{7736A156-3C23-3E72-DA30-AB5E794714F9}.Debug|Any CPU.Build.0 = Debug|Any CPU
		{7736A156-3C23-3E72-DA30-AB5E794714F9}.Release|Any CPU.ActiveCfg = Release|Any CPU
		{7736A156-3C23-3E72-DA30-AB5E794714F9}.Release|Any CPU.Build.0 = Release|Any CPU
		{55E2E86E-8DBB-F105-222B-E8C6538EE43A}.Debug|Any CPU.ActiveCfg = Debug|Any CPU
		{55E2E86E-8DBB-F105-222B-E8C6538EE43A}.Debug|Any CPU.Build.0 = Debug|Any CPU
		{55E2E86E-8DBB-F105-222B-E8C6538EE43A}.Release|Any CPU.ActiveCfg = Release|Any CPU
		{55E2E86E-8DBB-F105-222B-E8C6538EE43A}.Release|Any CPU.Build.0 = Release|Any CPU
	EndGlobalSection
	GlobalSection(SolutionProperties) = preSolution
		HideSolutionNode = FALSE
	EndGlobalSection
																														GlobalSection(MonoDevelopProperties) = preSolution
		StartupItem = Assembly-CSharp.csproj
		Policies = $0
		$0.TextStylePolicy = $1
		$1.inheritsSet = null
		$1.scope = text/x-csharp
		$0.CSharpFormattingPolicy = $2
		$2.inheritsSet = Mono
		$2.inheritsScope = text/x-csharp
		$2.scope = text/x-csharp
		$0.TextStylePolicy = $3
		$3.FileWidth = 120
		$3.TabWidth = 4
		$3.EolMarker = Unix
		$3.inheritsSet = Mono
		$3.inheritsScope = text/plain
		$3.scope = text/plain
	EndGlobalSection

EndGlobal
